{
  "version": "v1",
  "packages": {
    "medusa-plugin-btcpay": {
      "signature": "1596cc7d866c085b033661d2f5b091b0",
      "file": true,
      "replaced": "workspace:*"
    },
    "medusa-plugin-razorpay-v2": {
      "signature": "778ecc557e90f18597e418647f25452a",
      "file": true,
      "replaced": "workspace:*"
    }
  }
}