{
  "version": "v1",
  "packages": {
    "medusa-plugin-btcpay": {
      "signature": "a8caa6aff472bb57a8fceb2b1fc08dd2",
      "file": true,
      "replaced": "workspace:*"
    },
    "medusa-plugin-razorpay-v2": {
      "signature": "778ecc557e90f18597e418647f25452a",
      "file": true,
      "replaced": "workspace:*"
    }
  }
}